hash: da46163c8e777a7f19f575f386ccf227525278edcb04c8e0af61915ecacbd218
updated: 2019-10-16T02:02:21.455302387Z
imports:
- name: github.com/asaskevich/govalidator
  version: f61b66f89f4a311bef65f13e575bcf1a2ffadda6
- name: github.com/dgrijalva/jwt-go
  version: 5e25c22bd5d6de03265bbe5462dcd162f85046f6
- name: github.com/gin-contrib/sse
  version: 43f0f29dbd2b3f0feeebff91fd9cda22db296938
- name: github.com/gin-gonic/gin
  version: 1a1cf655bd72f769e680270f2d39e43f1b82b2ad
  subpackages:
  - binding
  - internal/json
  - render
- name: github.com/globalsign/mgo
  version: eeefdecb41b842af6dc652aaea4026e8403e62df
  subpackages:
  - bson
  - internal/json
- name: github.com/go-openapi/analysis
  version: 9864a87593df5ab83eac00921906932d1d77fae2
  subpackages:
  - internal
- name: github.com/go-openapi/errors
  version: 9b273e805998abc751853b4e1574d66e5df888b4
- name: github.com/go-openapi/jsonpointer
  version: ed123515f087412cd7ef02e49b0b0a5e6a79a360
- name: github.com/go-openapi/jsonreference
  version: 82f31475a8f7a12bc26962f6e26ceade8ea6f66a
- name: github.com/go-openapi/loads
  version: c763e5411fc5c14c69d5d44f02b9d92e6f122d2c
- name: github.com/go-openapi/runtime
  version: 61a733db7911caee78a842d991810efdda21e0f8
- name: github.com/go-openapi/spec
  version: 5b6cdde3200976e3ecceb2868706ee39b6aff3e4
- name: github.com/go-openapi/strfmt
  version: e471370ae57ac74eaf0afe816a66e4ddd7f1b027
- name: github.com/go-openapi/swag
  version: c3d0f7896d589f3babb99eea24bbc7de98108e72
- name: github.com/go-openapi/validate
  version: d2eab7d93009e9215fc85b2faa2c2f2a98c2af48
- name: github.com/go-playground/locales
  version: 630ebbb602847eba93e75ae38bbc7bb7abcf1ff3
  subpackages:
  - currency
- name: github.com/go-playground/universal-translator
  version: 71201497bace774495daed26a3874fd339e0b538
- name: github.com/go-redis/redis
  version: 7f69d5e32072d151eb6936cbe2306413e8117488
  subpackages:
  - internal
  - internal/consistenthash
  - internal/hashtag
  - internal/pool
  - internal/proto
  - internal/util
- name: github.com/golang/protobuf
  version: 1680a479a2cfb3fa22b972af7e36d0a0fde47bf8
  subpackages:
  - proto
- name: github.com/json-iterator/go
  version: 03217c3e97663914aec3faafde50d081f197a0a2
- name: github.com/leodido/go-urn
  version: a0f5013415294bb94553821ace21a1a74c0298cc
- name: github.com/lib/pq
  version: 3427c32cb71afc948325f299f040e53c1dd78979
  subpackages:
  - oid
  - scram
- name: github.com/mailru/easyjson
  version: 6c0755d89d1e153c9986ad90e886a626bd66aad0
  subpackages:
  - buffer
  - jlexer
  - jwriter
- name: github.com/mattn/go-isatty
  version: 0e9ddb7c0c0aef74fa25eaba4141e6b5ab7aca2a
- name: github.com/mitchellh/mapstructure
  version: 3536a929edddb9a5b34bd6861dc4a9647cb459fe
- name: github.com/modern-go/concurrent
  version: bacd9c7ef1dd9b15be4a9909b8ac7a4e313eec94
- name: github.com/modern-go/reflect2
  version: 94122c33edd36123c84d5368cfb2b69df93a0ec8
- name: github.com/mongodb/mongo-go-driver
  version: 8db96a607cde2fea156d9a72c26aa09271592591
- name: github.com/mssola/user_agent
  version: 98a7664b1b0966ac5e99e1c1faf64e9baa2d9486
- name: github.com/PuerkitoBio/purell
  version: 44968752391892e1b0d0b821ee79e9a85fa13049
- name: github.com/PuerkitoBio/urlesc
  version: de5bf2ad457846296e2031421a34e2568e304e35
- name: github.com/satori/go.uuid
  version: b2ce2384e17bbe0c6d34077efa39dbab3e09123b
- name: github.com/ugorji/go
  version: 42bc974514ff101a54c6b72a0e4dee29d96c0b26
  subpackages:
  - codec
- name: golang.org/x/crypto
  version: 87dc89f01550277dc22b74ffcf4cd89fa2f40f4c
  subpackages:
  - bcrypt
  - blowfish
- name: golang.org/x/net
  version: da9a3fd4c5820e74b24a6cb7fb438dc9b0dd377c
  subpackages:
  - idna
- name: golang.org/x/sys
  version: b09406accb4736d857a32bf9444cd7edae2ffa79
  subpackages:
  - unix
- name: golang.org/x/text
  version: 3d0f7978add91030e5e8976ff65ccdd828286cba
  subpackages:
  - secure/bidirule
  - transform
  - unicode/bidi
  - unicode/norm
  - width
- name: gopkg.in/go-playground/validator.v9
  version: cd1bd581694a11c089aea885a26247c5f783a4cf
- name: gopkg.in/yaml.v2
  version: f221b8435cfb71e54062f6c6e99e9ade30b124d5
testImports: []
